<Solution>
  <Folder Name="/src/">
    <Project Path="src/Example.AppHost/Example.AppHost.csproj" />
    <Project Path="src/Example.Core/Example.Core.csproj" />
    <Project Path="src/Example.Web/Example.Web.csproj" />
  </Folder>
  <Folder Name="/Solution Items/">
    <File Path=".editorconfig" />
    <File Path=".gitattributes" />
    <File Path=".gitignore" />
    <File Path="AGENTS.md" />
    <File Path="Analyzers.ruleset" />
    <File Path="aspire.config.json" />
    <File Path="CLAUDE.md" />
    <File Path="CodeCoverage.runsettings" />
    <File Path="Directory.Build.props" />
    <File Path="Directory.Build.targets" />
    <File Path="Example.sln.DotSettings" />
    <File Path="LICENSE" />
    <File Path="README.md" />
  </Folder>
  <Folder Name="/tests/">
    <Project Path="tests/Example.IntegrationTests/Example.IntegrationTests.csproj" />
    <Project Path="tests/Example.Mock/Example.Mock.csproj" />
    <Project Path="tests/Example.UnitTests/Example.UnitTests.csproj" />
  </Folder>
</Solution>
